
Microsoft Visual Studio Solution File, Format Version 12.00
# Visual Studio Version 17
VisualStudioVersion = 17.2.32630.192
MinimumVisualStudioVersion = 10.0.40219.1
Project("{FAE04EC0-301F-11D3-BF4B-00C04F79EFBC}") = "clinicDB", "clinicDB\clinicDB.csproj", "{41CEB7DA-D923-4527-8C74-BF51DEB309A3}"
EndProject
Global
	GlobalSection(SolutionConfigurationPlatforms) = preSolution
		Debug|Any CPU = Debug|Any CPU
		Release|Any CPU = Release|Any CPU
	EndGlobalSection
	GlobalSection(ProjectConfigurationPlatforms) = postSolution
		{41CEB7DA-D923-4527-8C74-BF51DEB309A3}.Debug|Any CPU.ActiveCfg = Debug|Any CPU
		{41CEB7DA-D923-4527-8C74-BF51DEB309A3}.Debug|Any CPU.Build.0 = Debug|Any CPU
		{41CEB7DA-D923-4527-8C74-BF51DEB309A3}.Release|Any CPU.ActiveCfg = Release|Any CPU
		{41CEB7DA-D923-4527-8C74-BF51DEB309A3}.Release|Any CPU.Build.0 = Release|Any CPU
	EndGlobalSection
	GlobalSection(SolutionProperties) = preSolution
		HideSolutionNode = FALSE
	EndGlobalSection
	GlobalSection(ExtensibilityGlobals) = postSolution
		SolutionGuid = {F7AB8D39-B2B5-4F9D-907A-3C307783A5E4}
	EndGlobalSection
EndGlobal
